// !$*UTF8*$!
{
	archiveVersion = 1;
	classes = {
	};
	objectVersion = 55;
	objects = {

/* Begin PBXBuildFile section */
		0766C16C279063DF007FD639 /* AppDelegate.swift in Sources */ = {isa = PBXBuildFile; fileRef = 0766C16B279063DF007FD639 /* AppDelegate.swift */; };
		0766C16E279063DF007FD639 /* SceneDelegate.swift in Sources */ = {isa = PBXBuildFile; fileRef = 0766C16D279063DF007FD639 /* SceneDelegate.swift */; };
		0766C170279063DF007FD639 /* ViewController.swift in Sources */ = {isa = PBXBuildFile; fileRef = 0766C16F279063DF007FD639 /* ViewController.swift */; };
		0766C173279063DF007FD639 /* Main.storyboard in Resources */ = {isa = PBXBuildFile; fileRef = 0766C171279063DF007FD639 /* Main.storyboard */; };
		0766C175279063E0007FD639 /* Assets.xcassets in Resources */ = {isa = PBXBuildFile; fileRef = 0766C174279063E0007FD639 /* Assets.xcassets */; };
		0766C178279063E0007FD639 /* LaunchScreen.storyboard in Resources */ = {isa = PBXBuildFile; fileRef = 0766C176279063E0007FD639 /* LaunchScreen.storyboard */; };
		0766C1802790695C007FD639 /* DesignableView.swift in Sources */ = {isa = PBXBuildFile; fileRef = 0766C17F2790695C007FD639 /* DesignableView.swift */; };
		0766C1902790D132007FD639 /* MenuController.swift in Sources */ = {isa = PBXBuildFile; fileRef = 0766C18F2790D131007FD639 /* MenuController.swift */; };
		0766C1942790D69B007FD639 /* ControllProvider.swift in Sources */ = {isa = PBXBuildFile; fileRef = 0766C1932790D69B007FD639 /* ControllProvider.swift */; };
		07FFCBC227938E2E00151329 /* UserInputPopup.swift in Sources */ = {isa = PBXBuildFile; fileRef = 07FFCBC127938E2E00151329 /* UserInputPopup.swift */; };
		07FFCBC42793905E00151329 /* UserPopup + tableviewDelegate.swift in Sources */ = {isa = PBXBuildFile; fileRef = 07FFCBC32793905E00151329 /* UserPopup + tableviewDelegate.swift */; };
		E0E7B072BC3806F3FF0D56B3 /* Pods_MTMsTask.framework in Frameworks */ = {isa = PBXBuildFile; fileRef = 7EC34E250E10329FA9AAD43D /* Pods_MTMsTask.framework */; };
/* End PBXBuildFile section */

/* Begin PBXFileReference section */
		0766C168279063DF007FD639 /* MTMsTask.app */ = {isa = PBXFileReference; explicitFileType = wrapper.application; includeInIndex = 0; path = MTMsTask.app; sourceTree = BUILT_PRODUCTS_DIR; };
		0766C16B279063DF007FD639 /* AppDelegate.swift */ = {isa = PBXFileReference; lastKnownFileType = sourcecode.swift; path = AppDelegate.swift; sourceTree = "<group>"; };
		0766C16D279063DF007FD639 /* SceneDelegate.swift */ = {isa = PBXFileReference; lastKnownFileType = sourcecode.swift; path = SceneDelegate.swift; sourceTree = "<group>"; };
		0766C16F279063DF007FD639 /* ViewController.swift */ = {isa = PBXFileReference; lastKnownFileType = sourcecode.swift; path = ViewController.swift; sourceTree = "<group>"; };
		0766C172279063DF007FD639 /* Base */ = {isa = PBXFileReference; lastKnownFileType = file.storyboard; name = Base; path = Base.lproj/Main.storyboard; sourceTree = "<group>"; };
		0766C174279063E0007FD639 /* Assets.xcassets */ = {isa = PBXFileReference; lastKnownFileType = folder.assetcatalog; path = Assets.xcassets; sourceTree = "<group>"; };
		0766C177279063E0007FD639 /* Base */ = {isa = PBXFileReference; lastKnownFileType = file.storyboard; name = Base; path = Base.lproj/LaunchScreen.storyboard; sourceTree = "<group>"; };
		0766C179279063E0007FD639 /* Info.plist */ = {isa = PBXFileReference; lastKnownFileType = text.plist.xml; path = Info.plist; sourceTree = "<group>"; };
		0766C17F2790695C007FD639 /* DesignableView.swift */ = {isa = PBXFileReference; fileEncoding = 4; lastKnownFileType = sourcecode.swift; path = DesignableView.swift; sourceTree = "<group>"; };
		0766C18F2790D131007FD639 /* MenuController.swift */ = {isa = PBXFileReference; fileEncoding = 4; lastKnownFileType = sourcecode.swift; path = MenuController.swift; sourceTree = "<group>"; };
		0766C1932790D69B007FD639 /* ControllProvider.swift */ = {isa = PBXFileReference; fileEncoding = 4; lastKnownFileType = sourcecode.swift; path = ControllProvider.swift; sourceTree = "<group>"; };
		07FFCBC127938E2E00151329 /* UserInputPopup.swift */ = {isa = PBXFileReference; lastKnownFileType = sourcecode.swift; path = UserInputPopup.swift; sourceTree = "<group>"; };
		07FFCBC32793905E00151329 /* UserPopup + tableviewDelegate.swift */ = {isa = PBXFileReference; lastKnownFileType = sourcecode.swift; path = "UserPopup + tableviewDelegate.swift"; sourceTree = "<group>"; };
		722DCBD8311A97A7E9675200 /* Pods-MTMsTask.debug.xcconfig */ = {isa = PBXFileReference; includeInIndex = 1; lastKnownFileType = text.xcconfig; name = "Pods-MTMsTask.debug.xcconfig"; path = "Target Support Files/Pods-MTMsTask/Pods-MTMsTask.debug.xcconfig"; sourceTree = "<group>"; };
		7EC34E250E10329FA9AAD43D /* Pods_MTMsTask.framework */ = {isa = PBXFileReference; explicitFileType = wrapper.framework; includeInIndex = 0; path = Pods_MTMsTask.framework; sourceTree = BUILT_PRODUCTS_DIR; };
		BA617B78BF71FB60465A223F /* Pods-MTMsTask.release.xcconfig */ = {isa = PBXFileReference; includeInIndex = 1; lastKnownFileType = text.xcconfig; name = "Pods-MTMsTask.release.xcconfig"; path = "Target Support Files/Pods-MTMsTask/Pods-MTMsTask.release.xcconfig"; sourceTree = "<group>"; };
/* End PBXFileReference section */

/* Begin PBXFrameworksBuildPhase section */
		0766C165279063DF007FD639 /* Frameworks */ = {
			isa = PBXFrameworksBuildPhase;
			buildActionMask = 2147483647;
			files = (
				E0E7B072BC3806F3FF0D56B3 /* Pods_MTMsTask.framework in Frameworks */,
			);
			runOnlyForDeploymentPostprocessing = 0;
		};
/* End PBXFrameworksBuildPhase section */

/* Begin PBXGroup section */
		0766C15F279063DF007FD639 = {
			isa = PBXGroup;
			children = (
				0766C16A279063DF007FD639 /* MTMsTask */,
				0766C169279063DF007FD639 /* Products */,
				D3A402DBA8C034826AE18BCD /* Pods */,
				9B848ACA0E32E61624C0F8A9 /* Frameworks */,
			);
			sourceTree = "<group>";
		};
		0766C169279063DF007FD639 /* Products */ = {
			isa = PBXGroup;
			children = (
				0766C168279063DF007FD639 /* MTMsTask.app */,
			);
			name = Products;
			sourceTree = "<group>";
		};
		0766C16A279063DF007FD639 /* MTMsTask */ = {
			isa = PBXGroup;
			children = (
				077EC5B6279193EB006E41E8 /* Controller */,
				0766C179279063E0007FD639 /* Info.plist */,
				0766C18227906AD6007FD639 /* Resources */,
				0766C18127906AC1007FD639 /* Extension */,
				0766C171279063DF007FD639 /* Main.storyboard */,
			);
			path = MTMsTask;
			sourceTree = "<group>";
		};
		0766C18127906AC1007FD639 /* Extension */ = {
			isa = PBXGroup;
			children = (
				07FFCBC62793A88200151329 /* Helper */,
				0766C17F2790695C007FD639 /* DesignableView.swift */,
			);
			path = Extension;
			sourceTree = "<group>";
		};
		0766C18227906AD6007FD639 /* Resources */ = {
			isa = PBXGroup;
			children = (
				0766C16B279063DF007FD639 /* AppDelegate.swift */,
				0766C16D279063DF007FD639 /* SceneDelegate.swift */,
				0766C174279063E0007FD639 /* Assets.xcassets */,
				0766C176279063E0007FD639 /* LaunchScreen.storyboard */,
			);
			path = Resources;
			sourceTree = "<group>";
		};
		077EC5B6279193EB006E41E8 /* Controller */ = {
			isa = PBXGroup;
			children = (
				07FFCBC52793A84E00151329 /* SideMenu */,
				077EC5BF2791C727006E41E8 /* Home */,
			);
			path = Controller;
			sourceTree = "<group>";
		};
		077EC5BF2791C727006E41E8 /* Home */ = {
			isa = PBXGroup;
			children = (
				0766C16F279063DF007FD639 /* ViewController.swift */,
				07FFCBC127938E2E00151329 /* UserInputPopup.swift */,
				07FFCBC32793905E00151329 /* UserPopup + tableviewDelegate.swift */,
			);
			path = Home;
			sourceTree = "<group>";
		};
		07FFCBC52793A84E00151329 /* SideMenu */ = {
			isa = PBXGroup;
			children = (
				0766C18F2790D131007FD639 /* MenuController.swift */,
			);
			path = SideMenu;
			sourceTree = "<group>";
		};
		07FFCBC62793A88200151329 /* Helper */ = {
			isa = PBXGroup;
			children = (
				0766C1932790D69B007FD639 /* ControllProvider.swift */,
			);
			path = Helper;
			sourceTree = "<group>";
		};
		9B848ACA0E32E61624C0F8A9 /* Frameworks */ = {
			isa = PBXGroup;
			children = (
				7EC34E250E10329FA9AAD43D /* Pods_MTMsTask.framework */,
			);
			name = Frameworks;
			sourceTree = "<group>";
		};
		D3A402DBA8C034826AE18BCD /* Pods */ = {
			isa = PBXGroup;
			children = (
				722DCBD8311A97A7E9675200 /* Pods-MTMsTask.debug.xcconfig */,
				BA617B78BF71FB60465A223F /* Pods-MTMsTask.release.xcconfig */,
			);
			path = Pods;
			sourceTree = "<group>";
		};
/* End PBXGroup section */

/* Begin PBXNativeTarget section */
		0766C167279063DF007FD639 /* MTMsTask */ = {
			isa = PBXNativeTarget;
			buildConfigurationList = 0766C17C279063E0007FD639 /* Build configuration list for PBXNativeTarget "MTMsTask" */;
			buildPhases = (
				3C0D5FB148F90D05DE7E1287 /* [CP] Check Pods Manifest.lock */,
				0766C164279063DF007FD639 /* Sources */,
				0766C165279063DF007FD639 /* Frameworks */,
				0766C166279063DF007FD639 /* Resources */,
				731C10D3DE8DBD6F171C9D4B /* [CP] Copy Pods Resources */,
				214794CF0831ED8AB9F08183 /* [CP] Embed Pods Frameworks */,
			);
			buildRules = (
			);
			dependencies = (
			);
			name = MTMsTask;
			productName = MTMsTask;
			productReference = 0766C168279063DF007FD639 /* MTMsTask.app */;
			productType = "com.apple.product-type.application";
		};
/* End PBXNativeTarget section */

/* Begin PBXProject section */
		0766C160279063DF007FD639 /* Project object */ = {
			isa = PBXProject;
			attributes = {
				BuildIndependentTargetsInParallel = 1;
				LastSwiftUpdateCheck = 1320;
				LastUpgradeCheck = 1320;
				TargetAttributes = {
					0766C167279063DF007FD639 = {
						CreatedOnToolsVersion = 13.2;
					};
				};
			};
			buildConfigurationList = 0766C163279063DF007FD639 /* Build configuration list for PBXProject "MTMsTask" */;
			compatibilityVersion = "Xcode 13.0";
			developmentRegion = en;
			hasScannedForEncodings = 0;
			knownRegions = (
				en,
				Base,
			);
			mainGroup = 0766C15F279063DF007FD639;
			productRefGroup = 0766C169279063DF007FD639 /* Products */;
			projectDirPath = "";
			projectRoot = "";
			targets = (
				0766C167279063DF007FD639 /* MTMsTask */,
			);
		};
/* End PBXProject section */

/* Begin PBXResourcesBuildPhase section */
		0766C166279063DF007FD639 /* Resources */ = {
			isa = PBXResourcesBuildPhase;
			buildActionMask = 2147483647;
			files = (
				0766C178279063E0007FD639 /* LaunchScreen.storyboard in Resources */,
				0766C175279063E0007FD639 /* Assets.xcassets in Resources */,
				0766C173279063DF007FD639 /* Main.storyboard in Resources */,
			);
			runOnlyForDeploymentPostprocessing = 0;
		};
/* End PBXResourcesBuildPhase section */

/* Begin PBXShellScriptBuildPhase section */
		214794CF0831ED8AB9F08183 /* [CP] Embed Pods Frameworks */ = {
			isa = PBXShellScriptBuildPhase;
			buildActionMask = 2147483647;
			files = (
			);
			inputFileListPaths = (
				"${PODS_ROOT}/Target Support Files/Pods-MTMsTask/Pods-MTMsTask-frameworks-${CONFIGURATION}-input-files.xcfilelist",
			);
			name = "[CP] Embed Pods Frameworks";
			outputFileListPaths = (
				"${PODS_ROOT}/Target Support Files/Pods-MTMsTask/Pods-MTMsTask-frameworks-${CONFIGURATION}-output-files.xcfilelist",
			);
			runOnlyForDeploymentPostprocessing = 0;
			shellPath = /bin/sh;
			shellScript = "\"${PODS_ROOT}/Target Support Files/Pods-MTMsTask/Pods-MTMsTask-frameworks.sh\"\n";
			showEnvVarsInLog = 0;
		};
		3C0D5FB148F90D05DE7E1287 /* [CP] Check Pods Manifest.lock */ = {
			isa = PBXShellScriptBuildPhase;
			buildActionMask = 2147483647;
			files = (
			);
			inputFileListPaths = (
			);
			inputPaths = (
				"${PODS_PODFILE_DIR_PATH}/Podfile.lock",
				"${PODS_ROOT}/Manifest.lock",
			);
			name = "[CP] Check Pods Manifest.lock";
			outputFileListPaths = (
			);
			outputPaths = (
				"$(DERIVED_FILE_DIR)/Pods-MTMsTask-checkManifestLockResult.txt",
			);
			runOnlyForDeploymentPostprocessing = 0;
			shellPath = /bin/sh;
			shellScript = "diff \"${PODS_PODFILE_DIR_PATH}/Podfile.lock\" \"${PODS_ROOT}/Manifest.lock\" > /dev/null\nif [ $? != 0 ] ; then\n    # print error to STDERR\n    echo \"error: The sandbox is not in sync with the Podfile.lock. Run 'pod install' or update your CocoaPods installation.\" >&2\n    exit 1\nfi\n# This output is used by Xcode 'outputs' to avoid re-running this script phase.\necho \"SUCCESS\" > \"${SCRIPT_OUTPUT_FILE_0}\"\n";
			showEnvVarsInLog = 0;
		};
		731C10D3DE8DBD6F171C9D4B /* [CP] Copy Pods Resources */ = {
			isa = PBXShellScriptBuildPhase;
			buildActionMask = 2147483647;
			files = (
			);
			inputFileListPaths = (
				"${PODS_ROOT}/Target Support Files/Pods-MTMsTask/Pods-MTMsTask-resources-${CONFIGURATION}-input-files.xcfilelist",
			);
			name = "[CP] Copy Pods Resources";
			outputFileListPaths = (
				"${PODS_ROOT}/Target Support Files/Pods-MTMsTask/Pods-MTMsTask-resources-${CONFIGURATION}-output-files.xcfilelist",
			);
			runOnlyForDeploymentPostprocessing = 0;
			shellPath = /bin/sh;
			shellScript = "\"${PODS_ROOT}/Target Support Files/Pods-MTMsTask/Pods-MTMsTask-resources.sh\"\n";
			showEnvVarsInLog = 0;
		};
/* End PBXShellScriptBuildPhase section */

/* Begin PBXSourcesBuildPhase section */
		0766C164279063DF007FD639 /* Sources */ = {
			isa = PBXSourcesBuildPhase;
			buildActionMask = 2147483647;
			files = (
				07FFCBC42793905E00151329 /* UserPopup + tableviewDelegate.swift in Sources */,
				0766C1902790D132007FD639 /* MenuController.swift in Sources */,
				0766C1802790695C007FD639 /* DesignableView.swift in Sources */,
				0766C170279063DF007FD639 /* ViewController.swift in Sources */,
				0766C16C279063DF007FD639 /* AppDelegate.swift in Sources */,
				0766C1942790D69B007FD639 /* ControllProvider.swift in Sources */,
				07FFCBC227938E2E00151329 /* UserInputPopup.swift in Sources */,
				0766C16E279063DF007FD639 /* SceneDelegate.swift in Sources */,
			);
			runOnlyForDeploymentPostprocessing = 0;
		};
/* End PBXSourcesBuildPhase section */

/* Begin PBXVariantGroup section */
		0766C171279063DF007FD639 /* Main.storyboard */ = {
			isa = PBXVariantGroup;
			children = (
				0766C172279063DF007FD639 /* Base */,
			);
			name = Main.storyboard;
			sourceTree = "<group>";
		};
		0766C176279063E0007FD639 /* LaunchScreen.storyboard */ = {
			isa = PBXVariantGroup;
			children = (
				0766C177279063E0007FD639 /* Base */,
			);
			name = LaunchScreen.storyboard;
			sourceTree = "<group>";
		};
/* End PBXVariantGroup section */

/* Begin XCBuildConfiguration section */
		0766C17A279063E0007FD639 /* Debug */ = {
			isa = XCBuildConfiguration;
			buildSettings = {
				ALWAYS_SEARCH_USER_PATHS = NO;
				CLANG_ANALYZER_NONNULL = YES;
				CLANG_ANALYZER_NUMBER_OBJECT_CONVERSION = YES_AGGRESSIVE;
				CLANG_CXX_LANGUAGE_STANDARD = "gnu++17";
				CLANG_CXX_LIBRARY = "libc++";
				CLANG_ENABLE_MODULES = YES;
				CLANG_ENABLE_OBJC_ARC = YES;
				CLANG_ENABLE_OBJC_WEAK = YES;
				CLANG_WARN_BLOCK_CAPTURE_AUTORELEASING = YES;
				CLANG_WARN_BOOL_CONVERSION = YES;
				CLANG_WARN_COMMA = YES;
				CLANG_WARN_CONSTANT_CONVERSION = YES;
				CLANG_WARN_DEPRECATED_OBJC_IMPLEMENTATIONS = YES;
				CLANG_WARN_DIRECT_OBJC_ISA_USAGE = YES_ERROR;
				CLANG_WARN_DOCUMENTATION_COMMENTS = YES;
				CLANG_WARN_EMPTY_BODY = YES;
				CLANG_WARN_ENUM_CONVERSION = YES;
				CLANG_WARN_INFINITE_RECURSION = YES;
				CLANG_WARN_INT_CONVERSION = YES;
				CLANG_WARN_NON_LITERAL_NULL_CONVERSION = YES;
				CLANG_WARN_OBJC_IMPLICIT_RETAIN_SELF = YES;
				CLANG_WARN_OBJC_LITERAL_CONVERSION = YES;
				CLANG_WARN_OBJC_ROOT_CLASS = YES_ERROR;
				CLANG_WARN_QUOTED_INCLUDE_IN_FRAMEWORK_HEADER = YES;
				CLANG_WARN_RANGE_LOOP_ANALYSIS = YES;
				CLANG_WARN_STRICT_PROTOTYPES = YES;
				CLANG_WARN_SUSPICIOUS_MOVE = YES;
				CLANG_WARN_UNGUARDED_AVAILABILITY = YES_AGGRESSIVE;
				CLANG_WARN_UNREACHABLE_CODE = YES;
				CLANG_WARN__DUPLICATE_METHOD_MATCH = YES;
				COPY_PHASE_STRIP = NO;
				DEBUG_INFORMATION_FORMAT = dwarf;
				ENABLE_STRICT_OBJC_MSGSEND = YES;
				ENABLE_TESTABILITY = YES;
				GCC_C_LANGUAGE_STANDARD = gnu11;
				GCC_DYNAMIC_NO_PIC = NO;
				GCC_NO_COMMON_BLOCKS = YES;
				GCC_OPTIMIZATION_LEVEL = 0;
				GCC_PREPROCESSOR_DEFINITIONS = (
					"DEBUG=1",
					"$(inherited)",
				);
				GCC_WARN_64_TO_32_BIT_CONVERSION = YES;
				GCC_WARN_ABOUT_RETURN_TYPE = YES_ERROR;
				GCC_WARN_UNDECLARED_SELECTOR = YES;
				GCC_WARN_UNINITIALIZED_AUTOS = YES_AGGRESSIVE;
				GCC_WARN_UNUSED_FUNCTION = YES;
				GCC_WARN_UNUSED_VARIABLE = YES;
				IPHONEOS_DEPLOYMENT_TARGET = 15.2;
				MTL_ENABLE_DEBUG_INFO = INCLUDE_SOURCE;
				MTL_FAST_MATH = YES;
				ONLY_ACTIVE_ARCH = YES;
				SDKROOT = iphoneos;
				SWIFT_ACTIVE_COMPILATION_CONDITIONS = DEBUG;
				SWIFT_OPTIMIZATION_LEVEL = "-Onone";
			};
			name = Debug;
		};
		0766C17B279063E0007FD639 /* Release */ = {
			isa = XCBuildConfiguration;
			buildSettings = {
				ALWAYS_SEARCH_USER_PATHS = NO;
				CLANG_ANALYZER_NONNULL = YES;
				CLANG_ANALYZER_NUMBER_OBJECT_CONVERSION = YES_AGGRESSIVE;
				CLANG_CXX_LANGUAGE_STANDARD = "gnu++17";
				CLANG_CXX_LIBRARY = "libc++";
				CLANG_ENABLE_MODULES = YES;
				CLANG_ENABLE_OBJC_ARC = YES;
				CLANG_ENABLE_OBJC_WEAK = YES;
				CLANG_WARN_BLOCK_CAPTURE_AUTORELEASING = YES;
				CLANG_WARN_BOOL_CONVERSION = YES;
				CLANG_WARN_COMMA = YES;
				CLANG_WARN_CONSTANT_CONVERSION = YES;
				CLANG_WARN_DEPRECATED_OBJC_IMPLEMENTATIONS = YES;
				CLANG_WARN_DIRECT_OBJC_ISA_USAGE = YES_ERROR;
				CLANG_WARN_DOCUMENTATION_COMMENTS = YES;
				CLANG_WARN_EMPTY_BODY = YES;
				CLANG_WARN_ENUM_CONVERSION = YES;
				CLANG_WARN_INFINITE_RECURSION = YES;
				CLANG_WARN_INT_CONVERSION = YES;
				CLANG_WARN_NON_LITERAL_NULL_CONVERSION = YES;
				CLANG_WARN_OBJC_IMPLICIT_RETAIN_SELF = YES;
				CLANG_WARN_OBJC_LITERAL_CONVERSION = YES;
				CLANG_WARN_OBJC_ROOT_CLASS = YES_ERROR;
				CLANG_WARN_QUOTED_INCLUDE_IN_FRAMEWORK_HEADER = YES;
				CLANG_WARN_RANGE_LOOP_ANALYSIS = YES;
				CLANG_WARN_STRICT_PROTOTYPES = YES;
				CLANG_WARN_SUSPICIOUS_MOVE = YES;
				CLANG_WARN_UNGUARDED_AVAILABILITY = YES_AGGRESSIVE;
				CLANG_WARN_UNREACHABLE_CODE = YES;
				CLANG_WARN__DUPLICATE_METHOD_MATCH = YES;
				COPY_PHASE_STRIP = NO;
				DEBUG_INFORMATION_FORMAT = "dwarf-with-dsym";
				ENABLE_NS_ASSERTIONS = NO;
				ENABLE_STRICT_OBJC_MSGSEND = YES;
				GCC_C_LANGUAGE_STANDARD = gnu11;
				GCC_NO_COMMON_BLOCKS = YES;
				GCC_WARN_64_TO_32_BIT_CONVERSION = YES;
				GCC_WARN_ABOUT_RETURN_TYPE = YES_ERROR;
				GCC_WARN_UNDECLARED_SELECTOR = YES;
				GCC_WARN_UNINITIALIZED_AUTOS = YES_AGGRESSIVE;
				GCC_WARN_UNUSED_FUNCTION = YES;
				GCC_WARN_UNUSED_VARIABLE = YES;
				IPHONEOS_DEPLOYMENT_TARGET = 15.2;
				MTL_ENABLE_DEBUG_INFO = NO;
				MTL_FAST_MATH = YES;
				SDKROOT = iphoneos;
				SWIFT_COMPILATION_MODE = wholemodule;
				SWIFT_OPTIMIZATION_LEVEL = "-O";
				VALIDATE_PRODUCT = YES;
			};
			name = Release;
		};
		0766C17D279063E0007FD639 /* Debug */ = {
			isa = XCBuildConfiguration;
			baseConfigurationReference = 722DCBD8311A97A7E9675200 /* Pods-MTMsTask.debug.xcconfig */;
			buildSettings = {
				ASSETCATALOG_COMPILER_APPICON_NAME = AppIcon;
				ASSETCATALOG_COMPILER_GLOBAL_ACCENT_COLOR_NAME = AccentColor;
				CODE_SIGN_STYLE = Automatic;
				CURRENT_PROJECT_VERSION = 1;
				GENERATE_INFOPLIST_FILE = YES;
				INFOPLIST_FILE = MTMsTask/Info.plist;
				INFOPLIST_KEY_UIApplicationSupportsIndirectInputEvents = YES;
				INFOPLIST_KEY_UILaunchStoryboardName = LaunchScreen;
				INFOPLIST_KEY_UIMainStoryboardFile = Main;
				INFOPLIST_KEY_UISupportedInterfaceOrientations_iPad = "UIInterfaceOrientationPortrait UIInterfaceOrientationPortraitUpsideDown UIInterfaceOrientationLandscapeLeft UIInterfaceOrientationLandscapeRight";
				INFOPLIST_KEY_UISupportedInterfaceOrientations_iPhone = "UIInterfaceOrientationPortrait UIInterfaceOrientationLandscapeLeft UIInterfaceOrientationLandscapeRight";
				LD_RUNPATH_SEARCH_PATHS = (
					"$(inherited)",
					"@executable_path/Frameworks",
				);
				MARKETING_VERSION = 1.0;
				PRODUCT_BUNDLE_IDENTIFIER = com.mohamedmazen.MTMsTask;
				PRODUCT_NAME = "$(TARGET_NAME)";
				SWIFT_EMIT_LOC_STRINGS = YES;
				SWIFT_VERSION = 5.0;
				TARGETED_DEVICE_FAMILY = "1,2";
			};
			name = Debug;
		};
		0766C17E279063E0007FD639 /* Release */ = {
			isa = XCBuildConfiguration;
			baseConfigurationReference = BA617B78BF71FB60465A223F /* Pods-MTMsTask.release.xcconfig */;
			buildSettings = {
				ASSETCATALOG_COMPILER_APPICON_NAME = AppIcon;
				ASSETCATALOG_COMPILER_GLOBAL_ACCENT_COLOR_NAME = AccentColor;
				CODE_SIGN_STYLE = Automatic;
				CURRENT_PROJECT_VERSION = 1;
				GENERATE_INFOPLIST_FILE = YES;
				INFOPLIST_FILE = MTMsTask/Info.plist;
				INFOPLIST_KEY_UIApplicationSupportsIndirectInputEvents = YES;
				INFOPLIST_KEY_UILaunchStoryboardName = LaunchScreen;
				INFOPLIST_KEY_UIMainStoryboardFile = Main;
				INFOPLIST_KEY_UISupportedInterfaceOrientations_iPad = "UIInterfaceOrientationPortrait UIInterfaceOrientationPortraitUpsideDown UIInterfaceOrientationLandscapeLeft UIInterfaceOrientationLandscapeRight";
				INFOPLIST_KEY_UISupportedInterfaceOrientations_iPhone = "UIInterfaceOrientationPortrait UIInterfaceOrientationLandscapeLeft UIInterfaceOrientationLandscapeRight";
				LD_RUNPATH_SEARCH_PATHS = (
					"$(inherited)",
					"@executable_path/Frameworks",
				);
				MARKETING_VERSION = 1.0;
				PRODUCT_BUNDLE_IDENTIFIER = com.mohamedmazen.MTMsTask;
				PRODUCT_NAME = "$(TARGET_NAME)";
				SWIFT_EMIT_LOC_STRINGS = YES;
				SWIFT_VERSION = 5.0;
				TARGETED_DEVICE_FAMILY = "1,2";
			};
			name = Release;
		};
/* End XCBuildConfiguration section */

/* Begin XCConfigurationList section */
		0766C163279063DF007FD639 /* Build configuration list for PBXProject "MTMsTask" */ = {
			isa = XCConfigurationList;
			buildConfigurations = (
				0766C17A279063E0007FD639 /* Debug */,
				0766C17B279063E0007FD639 /* Release */,
			);
			defaultConfigurationIsVisible = 0;
			defaultConfigurationName = Release;
		};
		0766C17C279063E0007FD639 /* Build configuration list for PBXNativeTarget "MTMsTask" */ = {
			isa = XCConfigurationList;
			buildConfigurations = (
				0766C17D279063E0007FD639 /* Debug */,
				0766C17E279063E0007FD639 /* Release */,
			);
			defaultConfigurationIsVisible = 0;
			defaultConfigurationName = Release;
		};
/* End XCConfigurationList section */
	};
	rootObject = 0766C160279063DF007FD639 /* Project object */;
}
